
Microsoft Visual Studio Solution File, Format Version 12.00
# Visual Studio Version 17
VisualStudioVersion = 17.7.34024.191
MinimumVisualStudioVersion = 10.0.40219.1
Project("{9A19103F-16F7-4668-BE54-9A1E7A4F7556}") = "TaskMedicin", "TaskMedicin.csproj", "{B011E6EF-B813-4A06-8E27-2019E5333218}"
EndProject
Global
	GlobalSection(SolutionConfigurationPlatforms) = preSolution
		Debug|Any CPU = Debug|Any CPU
		Release|Any CPU = Release|Any CPU
	EndGlobalSection
	GlobalSection(ProjectConfigurationPlatforms) = postSolution
		{B011E6EF-B813-4A06-8E27-2019E5333218}.Debug|Any CPU.ActiveCfg = Debug|Any CPU
		{B011E6EF-B813-4A06-8E27-2019E5333218}.Debug|Any CPU.Build.0 = Debug|Any CPU
		{B011E6EF-B813-4A06-8E27-2019E5333218}.Release|Any CPU.ActiveCfg = Release|Any CPU
		{B011E6EF-B813-4A06-8E27-2019E5333218}.Release|Any CPU.Build.0 = Release|Any CPU
	EndGlobalSection
	GlobalSection(SolutionProperties) = preSolution
		HideSolutionNode = FALSE
	EndGlobalSection
	GlobalSection(ExtensibilityGlobals) = postSolution
		SolutionGuid = {68F0809F-F6CE-4A52-A24A-4CCF1E3CC8ED}
	EndGlobalSection
EndGlobal
